// !$*UTF8*$!
{
	archiveVersion = 1;
	classes = {
	};
	objectVersion = 46;
	objects = {

/* Begin PBXBuildFile section */
		7EF36FEC16F29ADF002A3CB3 /* Cocoa.framework in Frameworks */ = {isa = PBXBuildFile; fileRef = 7EF36FEB16F29ADF002A3CB3 /* Cocoa.framework */; };
		B645BED223AE71220055E953 /* Panelator.plugin in CopyFiles */ = {isa = PBXBuildFile; fileRef = C4E618CC095A3CE80012CA3F /* Panelator.plugin */; };
		B6F7C56023B4FEE900AB41E1 /* fa-brands-400.ttf in CopyFiles */ = {isa = PBXBuildFile; fileRef = C500C8D3D849CBC32BECC402 /* fa-brands-400.ttf */; };
		B6F7C56123B4FEE900AB41E1 /* fa-regular-400.ttf in CopyFiles */ = {isa = PBXBuildFile; fileRef = C500CFF6C2FC344A62BACAF3 /* fa-regular-400.ttf */; };
		B6F7C56223B4FEE900AB41E1 /* fa-solid-900.ttf in CopyFiles */ = {isa = PBXBuildFile; fileRef = C500CBFB9A8016ED9EBB047F /* fa-solid-900.ttf */; };
		C500C147360CADB1EA5F8B82 /* ApplicationServices.framework in Frameworks */ = {isa = PBXBuildFile; fileRef = C500CD00F1350E29300184D7 /* ApplicationServices.framework */; };
		C500C268E0E4A36AFE9A9F15 /* imgui_impl_osx.mm in Sources */ = {isa = PBXBuildFile; fileRef = C500C30BDF90D962C91DE1A9 /* imgui_impl_osx.mm */; };
		C500C5492FC9FDB6C4E5952D /* fa-brands-400.ttf in Resources */ = {isa = PBXBuildFile; fileRef = C500C8D3D849CBC32BECC402 /* fa-brands-400.ttf */; };
		C500C72D23F5C62858226FAE /* imgui.cpp in Sources */ = {isa = PBXBuildFile; fileRef = C500CBCF52AABEB9BF285376 /* imgui.cpp */; };
		C500C7ADF44D8E67E3800514 /* Metal.framework in Frameworks */ = {isa = PBXBuildFile; fileRef = C500C168A955F71015894B2E /* Metal.framework */; };
		C500C7F964DACA002EAD0AE9 /* README.md in Sources */ = {isa = PBXBuildFile; fileRef = C500CD3E92C8CB0323FE39BE /* README.md */; };
		C500C8598F4FEA90C434307D /* imgui_draw.cpp in Sources */ = {isa = PBXBuildFile; fileRef = C500CEED79A542BC494314BF /* imgui_draw.cpp */; };
		C500C8C0A0FAD0F00690D066 /* imgui_demo.cpp in Sources */ = {isa = PBXBuildFile; fileRef = C500CB1477076B03717DC6A3 /* imgui_demo.cpp */; };
		C500CB85D3B91F801E71C7CE /* fa-regular-400.ttf in Resources */ = {isa = PBXBuildFile; fileRef = C500CFF6C2FC344A62BACAF3 /* fa-regular-400.ttf */; };
		C500CC519B7B4613AA7012F6 /* imgui_widgets.cpp in Sources */ = {isa = PBXBuildFile; fileRef = C500CF9961F33F97812FF903 /* imgui_widgets.cpp */; };
		C500CE305A6396E4D376610C /* imgui_impl_opengl2.cpp in Sources */ = {isa = PBXBuildFile; fileRef = C500CD4BA6E776886F7C6627 /* imgui_impl_opengl2.cpp */; };
		C500CE872AC194FD7E2E6C22 /* MetalKit.framework in Frameworks */ = {isa = PBXBuildFile; fileRef = C500CE55BDC04A36FEAEC3EE /* MetalKit.framework */; };
		C500CEB874725D559637BF4C /* fa-solid-900.ttf in Resources */ = {isa = PBXBuildFile; fileRef = C500CBFB9A8016ED9EBB047F /* fa-solid-900.ttf */; };
		C500CF25D271903B770C418F /* OpenGL.framework in Frameworks */ = {isa = PBXBuildFile; fileRef = C500C2383027C1FE19E38A64 /* OpenGL.framework */; };
		D0E32DCB0B1CEE0C000702C5 /* PanelatorUI.cpp in Sources */ = {isa = PBXBuildFile; fileRef = D0E32DC80B1CEE0C000702C5 /* PanelatorUI.cpp */; };
		D0E32DD10B1CEE1F000702C5 /* PanelatorUI_Plat.cpp in Sources */ = {isa = PBXBuildFile; fileRef = D0E32DCF0B1CEE1F000702C5 /* PanelatorUI_Plat.cpp */; };
		D0FDF9BA09941656008E4F6B /* Panelator_Strings.cpp in Sources */ = {isa = PBXBuildFile; fileRef = D0FDF9B509941656008E4F6B /* Panelator_Strings.cpp */; };
		D0FDF9BB09941656008E4F6B /* Panelator.cpp in Sources */ = {isa = PBXBuildFile; fileRef = D0FDF9B709941656008E4F6B /* Panelator.cpp */; };
		D0FDF9BC09941656008E4F6B /* Panelator_PiPL.r in Rez */ = {isa = PBXBuildFile; fileRef = D0FDF9B909941656008E4F6B /* Panelator_PiPL.r */; };
		D0FE579D0993C5E500139A60 /* AEGP_SuiteHandler.cpp in Sources */ = {isa = PBXBuildFile; fileRef = D0FE579A0993C5E500139A60 /* AEGP_SuiteHandler.cpp */; };
		D0FE579E0993C5E500139A60 /* MissingSuiteError.cpp in Sources */ = {isa = PBXBuildFile; fileRef = D0FE579C0993C5E500139A60 /* MissingSuiteError.cpp */; };
/* End PBXBuildFile section */

/* Begin PBXCopyFilesBuildPhase section */
		B645BED123AE6EFB0055E953 /* CopyFiles */ = {
			isa = PBXCopyFilesBuildPhase;
			buildActionMask = 2147483647;
			dstPath = "/Applications/Adobe After Effects 2020/Plug-ins";
			dstSubfolderSpec = 0;
			files = (
				B645BED223AE71220055E953 /* Panelator.plugin in CopyFiles */,
			);
			runOnlyForDeploymentPostprocessing = 0;
		};
		B6C5E00723B4FC88004654DF /* CopyFiles */ = {
			isa = PBXCopyFilesBuildPhase;
			buildActionMask = 2147483647;
			dstPath = "/Applications/Adobe After Effects 2020/Plug-ins";
			dstSubfolderSpec = 0;
			files = (
				B6F7C56023B4FEE900AB41E1 /* fa-brands-400.ttf in CopyFiles */,
				B6F7C56123B4FEE900AB41E1 /* fa-regular-400.ttf in CopyFiles */,
				B6F7C56223B4FEE900AB41E1 /* fa-solid-900.ttf in CopyFiles */,
			);
			runOnlyForDeploymentPostprocessing = 0;
		};
/* End PBXCopyFilesBuildPhase section */

/* Begin PBXFileReference section */
		7E22F9C8104857890039C478 /* AEConfig.h */ = {isa = PBXFileReference; fileEncoding = 4; lastKnownFileType = sourcecode.c.h; name = AEConfig.h; path = ../../../Headers/AEConfig.h; sourceTree = SOURCE_ROOT; };
		7E94365110471DC20053766A /* AE_GeneralPlugPanels.h */ = {isa = PBXFileReference; fileEncoding = 4; lastKnownFileType = sourcecode.c.h; name = AE_GeneralPlugPanels.h; path = ../../../Headers/AE_GeneralPlugPanels.h; sourceTree = SOURCE_ROOT; };
		7EF36FEB16F29ADF002A3CB3 /* Cocoa.framework */ = {isa = PBXFileReference; lastKnownFileType = wrapper.framework; name = Cocoa.framework; path = System/Library/Frameworks/Cocoa.framework; sourceTree = SDKROOT; };
		C4E618CC095A3CE80012CA3F /* Panelator.plugin */ = {isa = PBXFileReference; explicitFileType = wrapper.cfbundle; includeInIndex = 0; path = Panelator.plugin; sourceTree = BUILT_PRODUCTS_DIR; };
		C500C05F84E4F354D534961A /* imgui_internal.h */ = {isa = PBXFileReference; fileEncoding = 4; lastKnownFileType = sourcecode.c.h; path = imgui_internal.h; sourceTree = "<group>"; };
		C500C15437B41C01B5AAE7E0 /* imstb_truetype.h */ = {isa = PBXFileReference; fileEncoding = 4; lastKnownFileType = sourcecode.c.h; path = imstb_truetype.h; sourceTree = "<group>"; };
		C500C168A955F71015894B2E /* Metal.framework */ = {isa = PBXFileReference; lastKnownFileType = wrapper.framework; name = Metal.framework; path = System/Library/Frameworks/Metal.framework; sourceTree = SDKROOT; };
		C500C2383027C1FE19E38A64 /* OpenGL.framework */ = {isa = PBXFileReference; lastKnownFileType = wrapper.framework; name = OpenGL.framework; path = System/Library/Frameworks/OpenGL.framework; sourceTree = SDKROOT; };
		C500C30BDF90D962C91DE1A9 /* imgui_impl_osx.mm */ = {isa = PBXFileReference; fileEncoding = 4; lastKnownFileType = sourcecode.cpp.objcpp; path = imgui_impl_osx.mm; sourceTree = "<group>"; };
		C500C34058C918F3FEAF29C3 /* imgui.h */ = {isa = PBXFileReference; fileEncoding = 4; lastKnownFileType = sourcecode.c.h; path = imgui.h; sourceTree = "<group>"; };
		C500C39E977A548151ACB278 /* IconsFontAwesome5.h */ = {isa = PBXFileReference; fileEncoding = 4; lastKnownFileType = sourcecode.c.h; path = IconsFontAwesome5.h; sourceTree = "<group>"; };
		C500C3DDE8AFD3FE7964C7ED /* imgui_impl_opengl2.h */ = {isa = PBXFileReference; fileEncoding = 4; lastKnownFileType = sourcecode.c.h; path = imgui_impl_opengl2.h; sourceTree = "<group>"; };
		C500C3DE96DBC892E782B0BA /* imconfig.h */ = {isa = PBXFileReference; fileEncoding = 4; lastKnownFileType = sourcecode.c.h; path = imconfig.h; sourceTree = "<group>"; };
		C500C4535F32A474C3ACA854 /* designsystem.h */ = {isa = PBXFileReference; fileEncoding = 4; lastKnownFileType = sourcecode.c.h; path = designsystem.h; sourceTree = "<group>"; };
		C500C45C846EB6CC4CFAD352 /* picojson.h */ = {isa = PBXFileReference; fileEncoding = 4; lastKnownFileType = sourcecode.c.h; path = picojson.h; sourceTree = "<group>"; };
		C500C4F400703CE348CCB445 /* imstb_textedit.h */ = {isa = PBXFileReference; fileEncoding = 4; lastKnownFileType = sourcecode.c.h; path = imstb_textedit.h; sourceTree = "<group>"; };
		C500C8D3D849CBC32BECC402 /* fa-brands-400.ttf */ = {isa = PBXFileReference; lastKnownFileType = file.ttf; path = "fa-brands-400.ttf"; sourceTree = "<group>"; };
		C500C901A8A36628B088A52B /* json.hpp */ = {isa = PBXFileReference; fileEncoding = 4; lastKnownFileType = sourcecode.cpp.h; path = json.hpp; sourceTree = "<group>"; };
		C500CAF7D02D18CEF957DF6A /* imstb_rectpack.h */ = {isa = PBXFileReference; fileEncoding = 4; lastKnownFileType = sourcecode.c.h; path = imstb_rectpack.h; sourceTree = "<group>"; };
		C500CB1477076B03717DC6A3 /* imgui_demo.cpp */ = {isa = PBXFileReference; fileEncoding = 4; lastKnownFileType = sourcecode.cpp.cpp; path = imgui_demo.cpp; sourceTree = "<group>"; };
		C500CBC755697397DF5964AD /* imgui_impl_osx.h */ = {isa = PBXFileReference; fileEncoding = 4; lastKnownFileType = sourcecode.c.h; path = imgui_impl_osx.h; sourceTree = "<group>"; };
		C500CBCF52AABEB9BF285376 /* imgui.cpp */ = {isa = PBXFileReference; fileEncoding = 4; lastKnownFileType = sourcecode.cpp.cpp; path = imgui.cpp; sourceTree = "<group>"; };
		C500CBFB9A8016ED9EBB047F /* fa-solid-900.ttf */ = {isa = PBXFileReference; lastKnownFileType = file.ttf; path = "fa-solid-900.ttf"; sourceTree = "<group>"; };
		C500CD00F1350E29300184D7 /* ApplicationServices.framework */ = {isa = PBXFileReference; lastKnownFileType = wrapper.framework; name = ApplicationServices.framework; path = System/Library/Frameworks/ApplicationServices.framework; sourceTree = SDKROOT; };
		C500CD3E92C8CB0323FE39BE /* README.md */ = {isa = PBXFileReference; fileEncoding = 4; lastKnownFileType = net.daringfireball.markdown; path = README.md; sourceTree = "<group>"; };
		C500CD4BA6E776886F7C6627 /* imgui_impl_opengl2.cpp */ = {isa = PBXFileReference; fileEncoding = 4; lastKnownFileType = sourcecode.cpp.cpp; path = imgui_impl_opengl2.cpp; sourceTree = "<group>"; };
		C500CE55BDC04A36FEAEC3EE /* MetalKit.framework */ = {isa = PBXFileReference; lastKnownFileType = wrapper.framework; name = MetalKit.framework; path = System/Library/Frameworks/MetalKit.framework; sourceTree = SDKROOT; };
		C500CEED79A542BC494314BF /* imgui_draw.cpp */ = {isa = PBXFileReference; fileEncoding = 4; lastKnownFileType = sourcecode.cpp.cpp; path = imgui_draw.cpp; sourceTree = "<group>"; };
		C500CF9961F33F97812FF903 /* imgui_widgets.cpp */ = {isa = PBXFileReference; fileEncoding = 4; lastKnownFileType = sourcecode.cpp.cpp; path = imgui_widgets.cpp; sourceTree = "<group>"; };
		C500CFF6C2FC344A62BACAF3 /* fa-regular-400.ttf */ = {isa = PBXFileReference; lastKnownFileType = file.ttf; path = "fa-regular-400.ttf"; sourceTree = "<group>"; };
		D01B03B10AC9E60B00A234E5 /* AE_GeneralPlug.h */ = {isa = PBXFileReference; fileEncoding = 4; lastKnownFileType = sourcecode.c.h; name = AE_GeneralPlug.h; path = ../../../Headers/AE_GeneralPlug.h; sourceTree = SOURCE_ROOT; };
		D0694E4A0B1D054400B55835 /* SuiteHelper.h */ = {isa = PBXFileReference; fileEncoding = 30; lastKnownFileType = sourcecode.c.h; name = SuiteHelper.h; path = ../../../Headers/SuiteHelper.h; sourceTree = SOURCE_ROOT; };
		D0E32DC70B1CEE0C000702C5 /* Panelator.h */ = {isa = PBXFileReference; fileEncoding = 30; lastKnownFileType = sourcecode.c.h; name = Panelator.h; path = ../Panelator.h; sourceTree = SOURCE_ROOT; };
		D0E32DC80B1CEE0C000702C5 /* PanelatorUI.cpp */ = {isa = PBXFileReference; fileEncoding = 30; lastKnownFileType = sourcecode.cpp.cpp; name = PanelatorUI.cpp; path = ../PanelatorUI.cpp; sourceTree = SOURCE_ROOT; };
		D0E32DC90B1CEE0C000702C5 /* PanelatorUI.h */ = {isa = PBXFileReference; fileEncoding = 30; lastKnownFileType = sourcecode.c.h; name = PanelatorUI.h; path = ../PanelatorUI.h; sourceTree = SOURCE_ROOT; };
		D0E32DCA0B1CEE0C000702C5 /* PT_Err.h */ = {isa = PBXFileReference; fileEncoding = 30; lastKnownFileType = sourcecode.c.h; name = PT_Err.h; path = ../PT_Err.h; sourceTree = SOURCE_ROOT; };
		D0E32DCF0B1CEE1F000702C5 /* PanelatorUI_Plat.cpp */ = {isa = PBXFileReference; fileEncoding = 30; lastKnownFileType = sourcecode.cpp.cpp; path = PanelatorUI_Plat.cpp; sourceTree = SOURCE_ROOT; };
		D0E32DD00B1CEE1F000702C5 /* PanelatorUI_Plat.h */ = {isa = PBXFileReference; fileEncoding = 30; lastKnownFileType = sourcecode.c.h; path = PanelatorUI_Plat.h; sourceTree = "<group>"; };
		D0FDF9B509941656008E4F6B /* Panelator_Strings.cpp */ = {isa = PBXFileReference; fileEncoding = 30; lastKnownFileType = sourcecode.cpp.cpp; name = Panelator_Strings.cpp; path = ../Panelator_Strings.cpp; sourceTree = SOURCE_ROOT; };
		D0FDF9B709941656008E4F6B /* Panelator.cpp */ = {isa = PBXFileReference; fileEncoding = 30; lastKnownFileType = sourcecode.cpp.cpp; name = Panelator.cpp; path = ../Panelator.cpp; sourceTree = SOURCE_ROOT; };
		D0FDF9B909941656008E4F6B /* Panelator_PiPL.r */ = {isa = PBXFileReference; fileEncoding = 30; lastKnownFileType = sourcecode.rez; name = Panelator_PiPL.r; path = ../Panelator_PiPL.r; sourceTree = SOURCE_ROOT; };
		D0FE579A0993C5E500139A60 /* AEGP_SuiteHandler.cpp */ = {isa = PBXFileReference; fileEncoding = 30; lastKnownFileType = sourcecode.cpp.cpp; name = AEGP_SuiteHandler.cpp; path = ../../../Util/AEGP_SuiteHandler.cpp; sourceTree = SOURCE_ROOT; };
		D0FE579B0993C5E500139A60 /* AEGP_SuiteHandler.h */ = {isa = PBXFileReference; fileEncoding = 4; lastKnownFileType = sourcecode.c.h; name = AEGP_SuiteHandler.h; path = ../../../Util/AEGP_SuiteHandler.h; sourceTree = SOURCE_ROOT; };
		D0FE579C0993C5E500139A60 /* MissingSuiteError.cpp */ = {isa = PBXFileReference; fileEncoding = 30; lastKnownFileType = sourcecode.cpp.cpp; name = MissingSuiteError.cpp; path = ../../../Util/MissingSuiteError.cpp; sourceTree = SOURCE_ROOT; };
/* End PBXFileReference section */

/* Begin PBXFrameworksBuildPhase section */
		C4E618CA095A3CE80012CA3F /* Frameworks */ = {
			isa = PBXFrameworksBuildPhase;
			buildActionMask = 2147483647;
			files = (
				7EF36FEC16F29ADF002A3CB3 /* Cocoa.framework in Frameworks */,
				C500CE872AC194FD7E2E6C22 /* MetalKit.framework in Frameworks */,
				C500C7ADF44D8E67E3800514 /* Metal.framework in Frameworks */,
				C500C147360CADB1EA5F8B82 /* ApplicationServices.framework in Frameworks */,
				C500CF25D271903B770C418F /* OpenGL.framework in Frameworks */,
			);
			runOnlyForDeploymentPostprocessing = 0;
		};
/* End PBXFrameworksBuildPhase section */

/* Begin PBXGroup section */
		C4E6187C095A3C800012CA3F = {
			isa = PBXGroup;
			children = (
				D0FDF9B709941656008E4F6B /* Panelator.cpp */,
				D0E32DC70B1CEE0C000702C5 /* Panelator.h */,
				D0E32DC80B1CEE0C000702C5 /* PanelatorUI.cpp */,
				D0E32DC90B1CEE0C000702C5 /* PanelatorUI.h */,
				D0E32DCF0B1CEE1F000702C5 /* PanelatorUI_Plat.cpp */,
				D0E32DD00B1CEE1F000702C5 /* PanelatorUI_Plat.h */,
				D0FDF9B509941656008E4F6B /* Panelator_Strings.cpp */,
				D0E32EC10B1D0211000702C5 /* Resources */,
				D0FE57630993C4FD00139A60 /* Supporting Code */,
				D0E32EB80B1D01F4000702C5 /* Headers */,
				7EF36FEB16F29ADF002A3CB3 /* Cocoa.framework */,
				C4E6188C095A3C800012CA3F /* Products */,
				C500C85819DDC4C9BFE1F925 /* Frameworks */,
				C500C30BDF90D962C91DE1A9 /* imgui_impl_osx.mm */,
				C500CBC755697397DF5964AD /* imgui_impl_osx.h */,
				C500CD4BA6E776886F7C6627 /* imgui_impl_opengl2.cpp */,
				C500C3DDE8AFD3FE7964C7ED /* imgui_impl_opengl2.h */,
				C500CBCF52AABEB9BF285376 /* imgui.cpp */,
				C500C3DE96DBC892E782B0BA /* imconfig.h */,
				C500CF9961F33F97812FF903 /* imgui_widgets.cpp */,
				C500CB1477076B03717DC6A3 /* imgui_demo.cpp */,
				C500C05F84E4F354D534961A /* imgui_internal.h */,
				C500C34058C918F3FEAF29C3 /* imgui.h */,
				C500CEED79A542BC494314BF /* imgui_draw.cpp */,
				C500C4F400703CE348CCB445 /* imstb_textedit.h */,
				C500C15437B41C01B5AAE7E0 /* imstb_truetype.h */,
				C500CAF7D02D18CEF957DF6A /* imstb_rectpack.h */,
				C500C39E977A548151ACB278 /* IconsFontAwesome5.h */,
				C500CD3E92C8CB0323FE39BE /* README.md */,
				C500C8D3D849CBC32BECC402 /* fa-brands-400.ttf */,
				C500CFF6C2FC344A62BACAF3 /* fa-regular-400.ttf */,
				C500CBFB9A8016ED9EBB047F /* fa-solid-900.ttf */,
				C500C45C846EB6CC4CFAD352 /* picojson.h */,
				C500CF39A75D7562A5F5D0A7 /* nlohmann */,
				C500C4535F32A474C3ACA854 /* designsystem.h */,
			);
			sourceTree = "<group>";
		};
		C4E6188C095A3C800012CA3F /* Products */ = {
			isa = PBXGroup;
			children = (
				C4E618CC095A3CE80012CA3F /* Panelator.plugin */,
			);
			name = Products;
			sourceTree = "<group>";
		};
		C500C85819DDC4C9BFE1F925 /* Frameworks */ = {
			isa = PBXGroup;
			children = (
				C500CE55BDC04A36FEAEC3EE /* MetalKit.framework */,
				C500C168A955F71015894B2E /* Metal.framework */,
				C500CD00F1350E29300184D7 /* ApplicationServices.framework */,
				C500C2383027C1FE19E38A64 /* OpenGL.framework */,
			);
			name = Frameworks;
			sourceTree = "<group>";
		};
		C500CF39A75D7562A5F5D0A7 /* nlohmann */ = {
			isa = PBXGroup;
			children = (
				C500C901A8A36628B088A52B /* json.hpp */,
			);
			path = nlohmann;
			sourceTree = "<group>";
		};
		D0E32EB80B1D01F4000702C5 /* Headers */ = {
			isa = PBXGroup;
			children = (
				7E22F9C8104857890039C478 /* AEConfig.h */,
				D01B03B10AC9E60B00A234E5 /* AE_GeneralPlug.h */,
				7E94365110471DC20053766A /* AE_GeneralPlugPanels.h */,
				D0E32DCA0B1CEE0C000702C5 /* PT_Err.h */,
				D0694E4A0B1D054400B55835 /* SuiteHelper.h */,
			);
			name = Headers;
			sourceTree = SOURCE_ROOT;
		};
		D0E32EC10B1D0211000702C5 /* Resources */ = {
			isa = PBXGroup;
			children = (
				D0FDF9B909941656008E4F6B /* Panelator_PiPL.r */,
			);
			name = Resources;
			sourceTree = SOURCE_ROOT;
		};
		D0FE57630993C4FD00139A60 /* Supporting Code */ = {
			isa = PBXGroup;
			children = (
				D0FE579A0993C5E500139A60 /* AEGP_SuiteHandler.cpp */,
				D0FE579B0993C5E500139A60 /* AEGP_SuiteHandler.h */,
				D0FE579C0993C5E500139A60 /* MissingSuiteError.cpp */,
			);
			name = "Supporting Code";
			sourceTree = SOURCE_ROOT;
		};
/* End PBXGroup section */

/* Begin PBXNativeTarget section */
		C4E618CB095A3CE80012CA3F /* Panelator */ = {
			isa = PBXNativeTarget;
			buildConfigurationList = C4E618CE095A3CE90012CA3F /* Build configuration list for PBXNativeTarget "Panelator" */;
			buildPhases = (
				C4E618C9095A3CE80012CA3F /* Sources */,
				C4E618CA095A3CE80012CA3F /* Frameworks */,
				C4E618EA095A3E040012CA3F /* Rez */,
				D0445653099417B00073E055 /* Resources */,
				B645BED123AE6EFB0055E953 /* CopyFiles */,
				B6C5E00723B4FC88004654DF /* CopyFiles */,
			);
			buildRules = (
			);
			dependencies = (
			);
			name = Panelator;
			productName = Panelator.plugin;
			productReference = C4E618CC095A3CE80012CA3F /* Panelator.plugin */;
			productType = "com.apple.product-type.bundle";
		};
/* End PBXNativeTarget section */

/* Begin PBXProject section */
		C4E6187E095A3C800012CA3F /* Project object */ = {
			isa = PBXProject;
			attributes = {
				LastUpgradeCheck = 0720;
			};
			buildConfigurationList = C4E6187F095A3C800012CA3F /* Build configuration list for PBXProject "Panelator" */;
			compatibilityVersion = "Xcode 3.2";
			developmentRegion = English;
			hasScannedForEncodings = 0;
			knownRegions = (
				English,
				en,
			);
			mainGroup = C4E6187C095A3C800012CA3F;
			productRefGroup = C4E6188C095A3C800012CA3F /* Products */;
			projectDirPath = "";
			projectRoot = "";
			targets = (
				C4E618CB095A3CE80012CA3F /* Panelator */,
			);
		};
/* End PBXProject section */

/* Begin PBXResourcesBuildPhase section */
		D0445653099417B00073E055 /* Resources */ = {
			isa = PBXResourcesBuildPhase;
			buildActionMask = 2147483647;
			files = (
				C500C5492FC9FDB6C4E5952D /* fa-brands-400.ttf in Resources */,
				C500CB85D3B91F801E71C7CE /* fa-regular-400.ttf in Resources */,
				C500CEB874725D559637BF4C /* fa-solid-900.ttf in Resources */,
			);
			runOnlyForDeploymentPostprocessing = 0;
		};
/* End PBXResourcesBuildPhase section */

/* Begin PBXRezBuildPhase section */
		C4E618EA095A3E040012CA3F /* Rez */ = {
			isa = PBXRezBuildPhase;
			buildActionMask = 2147483647;
			files = (
				D0FDF9BC09941656008E4F6B /* Panelator_PiPL.r in Rez */,
			);
			runOnlyForDeploymentPostprocessing = 0;
		};
/* End PBXRezBuildPhase section */

/* Begin PBXSourcesBuildPhase section */
		C4E618C9095A3CE80012CA3F /* Sources */ = {
			isa = PBXSourcesBuildPhase;
			buildActionMask = 2147483647;
			files = (
				D0FE579E0993C5E500139A60 /* MissingSuiteError.cpp in Sources */,
				D0FE579D0993C5E500139A60 /* AEGP_SuiteHandler.cpp in Sources */,
				D0FDF9BA09941656008E4F6B /* Panelator_Strings.cpp in Sources */,
				D0FDF9BB09941656008E4F6B /* Panelator.cpp in Sources */,
				D0E32DCB0B1CEE0C000702C5 /* PanelatorUI.cpp in Sources */,
				D0E32DD10B1CEE1F000702C5 /* PanelatorUI_Plat.cpp in Sources */,
				C500C268E0E4A36AFE9A9F15 /* imgui_impl_osx.mm in Sources */,
				C500CE305A6396E4D376610C /* imgui_impl_opengl2.cpp in Sources */,
				C500C72D23F5C62858226FAE /* imgui.cpp in Sources */,
				C500CC519B7B4613AA7012F6 /* imgui_widgets.cpp in Sources */,
				C500C8C0A0FAD0F00690D066 /* imgui_demo.cpp in Sources */,
				C500C8598F4FEA90C434307D /* imgui_draw.cpp in Sources */,
				C500C7F964DACA002EAD0AE9 /* README.md in Sources */,
			);
			runOnlyForDeploymentPostprocessing = 0;
		};
/* End PBXSourcesBuildPhase section */

/* Begin XCBuildConfiguration section */
		C4E61880095A3C800012CA3F /* Debug */ = {
			isa = XCBuildConfiguration;
			buildSettings = {
				CLANG_CXX_LANGUAGE_STANDARD = "c++17";
				COPY_PHASE_STRIP = NO;
				ENABLE_TESTABILITY = YES;
				GCC_INPUT_FILETYPE = sourcecode.cpp.objcpp;
				GCC_MODEL_TUNING = "";
				GCC_OPTIMIZATION_LEVEL = 0;
				GCC_PREFIX_HEADER = "$(SYSTEM_LIBRARY_DIR)/Frameworks/Cocoa.framework/Headers/Cocoa.h";
				GCC_REUSE_STRINGS = NO;
				GCC_SYMBOLS_PRIVATE_EXTERN = YES;
				GCC_THREADSAFE_STATICS = NO;
				GCC_WARN_ABOUT_MISSING_PROTOTYPES = YES;
				GCC_WARN_ABOUT_RETURN_TYPE = YES;
				GCC_WARN_CHECK_SWITCH_STATEMENTS = YES;
				GCC_WARN_EFFECTIVE_CPLUSPLUS_VIOLATIONS = NO;
				GCC_WARN_MISSING_PARENTHESES = YES;
				GCC_WARN_SHADOW = NO;
				GCC_WARN_UNKNOWN_PRAGMAS = YES;
				GCC_WARN_UNUSED_FUNCTION = YES;
				GCC_WARN_UNUSED_LABEL = YES;
				GCC_WARN_UNUSED_VARIABLE = YES;
				HEADER_SEARCH_PATHS = (
					../../../Headers,
					../../../Util,
					../../../Headers/SP,
					../../../Resources,
				);
				ONLY_ACTIVE_ARCH = YES;
				REZ_PREPROCESSOR_DEFINITIONS = __MACH__;
				SDKROOT = macosx;
				STRIP_INSTALLED_PRODUCT = NO;
				WRAPPER_EXTENSION = plugin;
			};
			name = Debug;
		};
		C4E618CF095A3CE90012CA3F /* Debug */ = {
			isa = XCBuildConfiguration;
			buildSettings = {
				COMBINE_HIDPI_IMAGES = YES;
				GCC_MODEL_TUNING = G5;
				GENERATE_PKGINFO_FILE = YES;
				INFOPLIST_FILE = "Panelator.plugin-Info.plist";
				INSTALL_PATH = "$(HOME)/Library/Bundles";
				PRODUCT_BUNDLE_IDENTIFIER = com.adobe.AfterEffects.Panelator;
				PRODUCT_NAME = Panelator;
				SDKROOT = macosx;
				ZERO_LINK = NO;
			};
			name = Debug;
		};
/* End XCBuildConfiguration section */

/* Begin XCConfigurationList section */
		C4E6187F095A3C800012CA3F /* Build configuration list for PBXProject "Panelator" */ = {
			isa = XCConfigurationList;
			buildConfigurations = (
				C4E61880095A3C800012CA3F /* Debug */,
			);
			defaultConfigurationIsVisible = 1;
			defaultConfigurationName = Debug;
		};
		C4E618CE095A3CE90012CA3F /* Build configuration list for PBXNativeTarget "Panelator" */ = {
			isa = XCConfigurationList;
			buildConfigurations = (
				C4E618CF095A3CE90012CA3F /* Debug */,
			);
			defaultConfigurationIsVisible = 0;
			defaultConfigurationName = Debug;
		};
/* End XCConfigurationList section */
	};
	rootObject = C4E6187E095A3C800012CA3F /* Project object */;
}
