Microsoft Visual Studio Solution File, Format Version 12.00
# Visual Studio 2013
VisualStudioVersion = 12.0.31101.0
MinimumVisualStudioVersion = 10.0.40219.1
Project("{2150E333-8FDC-42A3-9474-1A3956D46DE8}") = "AEGPs", "AEGPs", "{A6972019-D302-44FD-954F-30F6BA10DA5E}"
EndProject
Project("{2150E333-8FDC-42A3-9474-1A3956D46DE8}") = "Effects", "Effects", "{DB18F278-ED36-45C8-9067-0C3F333DB994}"
EndProject
Project("{2150E333-8FDC-42A3-9474-1A3956D46DE8}") = "GPs", "GPs", "{D8E82AB6-7DE7-42C6-905A-E1C36A4680C2}"
EndProject
Project("{2150E333-8FDC-42A3-9474-1A3956D46DE8}") = "UI", "UI", "{A887BB7E-E722-4D88-AE52-751742311A4F}"
EndProject
Project("{2150E333-8FDC-42A3-9474-1A3956D46DE8}") = "Template", "Template", "{DABD44FB-65EB-4107-829A-10FDC40E037F}"
EndProject
Project("{8BC9CEB8-8B4A-11D0-8D11-00A0C91BC942}") = "Artie", "AEGP\Artie\Win\Artie.vcxproj", "{30398397-F919-4E3B-879C-9D378DDF85A3}"
EndProject
Project("{8BC9CEB8-8B4A-11D0-8D11-00A0C91BC942}") = "CCU", "UI\CCU\Win\CCU.vcxproj", "{64559716-71A0-40F5-A6EE-7FCD0B0D9DC2}"
EndProject
Project("{8BC9CEB8-8B4A-11D0-8D11-00A0C91BC942}") = "Checkout", "Effect\Checkout\Win\Checkout.vcxproj", "{11138FB7-4E40-4BFF-A990-7B2E3465B671}"
EndProject
Project("{8BC9CEB8-8B4A-11D0-8D11-00A0C91BC942}") = "ColorGrid", "UI\ColorGrid\Win\ColorGrid.vcxproj", "{880DEB30-BEF5-432E-A716-9F81B1BF9A3F}"
EndProject
Project("{8BC9CEB8-8B4A-11D0-8D11-00A0C91BC942}") = "Convolutrix", "Effect\Convolutrix\Win\Convolutrix.vcxproj", "{B20FC82F-5E90-4387-B203-507AEF6155BC}"
EndProject
Project("{8BC9CEB8-8B4A-11D0-8D11-00A0C91BC942}") = "Custom_ECW_UI", "UI\Custom_ECW_UI\Win\Custom_ECW_UI.vcxproj", "{78FCC6BC-06A9-43AE-827A-1B68FFB7D75F}"
EndProject
Project("{8BC9CEB8-8B4A-11D0-8D11-00A0C91BC942}") = "EMP", "GP\EMP\Win\EMP.vcxproj", "{A29BD1AB-3E98-45C5-B03D-BECDD64B90C4}"
EndProject
Project("{8BC9CEB8-8B4A-11D0-8D11-00A0C91BC942}") = "Easy_Cheese", "AEGP\Easy_Cheese\Win\Easy_Cheese.vcxproj", "{45E8AB85-E048-4F0A-9E84-9122E3D4CE12}"
EndProject
Project("{8BC9CEB8-8B4A-11D0-8D11-00A0C91BC942}") = "FBIO", "AEGP\FBIO\Win\FBIO.vcxproj", "{F16A9C26-A45F-4931-A931-9BDA29CF5F73}"
EndProject
Project("{8BC9CEB8-8B4A-11D0-8D11-00A0C91BC942}") = "Gamma_Table", "Effect\Gamma_Table\Win\Gamma_Table.vcxproj", "{088FCF6A-33E7-4CCB-8239-9EBB52E3699B}"
EndProject
Project("{8BC9CEB8-8B4A-11D0-8D11-00A0C91BC942}") = "IO", "AEGP\IO\Win\IO.vcxproj", "{E08AC1B1-4589-46B7-B014-6E999356EC77}"
EndProject
Project("{8BC9CEB8-8B4A-11D0-8D11-00A0C91BC942}") = "Mangler", "AEGP\Mangler\Win\Mangler.vcxproj", "{FEC582C3-46B7-4519-9753-F04E0BDB95E2}"
EndProject
Project("{8BC9CEB8-8B4A-11D0-8D11-00A0C91BC942}") = "PathMaster", "Effect\PathMaster\Win\PathMaster.vcxproj", "{362F4946-37F9-4018-84DC-9BA5F4BF2BDA}"
EndProject
Project("{8BC9CEB8-8B4A-11D0-8D11-00A0C91BC942}") = "Persisto", "AEGP\Persisto\Win\Persisto.vcxproj", "{4917319A-833C-4754-86CA-BAD346B4A3B9}"
EndProject
Project("{8BC9CEB8-8B4A-11D0-8D11-00A0C91BC942}") = "ProjDumper", "AEGP\ProjDumper\Win\ProjDumper.vcxproj", "{AA4FB144-A657-40DF-B29D-B6D694A4233D}"
EndProject
Project("{8BC9CEB8-8B4A-11D0-8D11-00A0C91BC942}") = "Projector", "AEGP\Projector\Win\Projector.vcxproj", "{BEF09DC0-4876-49E8-9B92-497D7E889384}"
EndProject
Project("{8BC9CEB8-8B4A-11D0-8D11-00A0C91BC942}") = "Resizer", "Effect\Resizer\Win\Resizer.vcxproj", "{7A64359A-94E0-4CFC-921A-A1E50930C44E}"
EndProject
Project("{8BC9CEB8-8B4A-11D0-8D11-00A0C91BC942}") = "SDK_Backwards", "Effect\SDK_Backwards\Win\SDK_Backwards.vcxproj", "{212DF451-28A4-4315-9547-F464602D7650}"
EndProject
Project("{8BC9CEB8-8B4A-11D0-8D11-00A0C91BC942}") = "SDK_Noise", "Effect\SDK_Noise\Win\SDK_Noise.vcxproj", "{82675920-EFDC-4880-84E3-4D234C1A86BC}"
EndProject
Project("{8BC9CEB8-8B4A-11D0-8D11-00A0C91BC942}") = "Shifter", "Effect\Shifter\Win\Shifter.vcxproj", "{D90E076B-3A76-4F67-A492-D3A18AF538F1}"
EndProject
Project("{8BC9CEB8-8B4A-11D0-8D11-00A0C91BC942}") = "Skeleton", "Template\Skeleton\Win\Skeleton.vcxproj", "{2C8DED3E-111D-4272-A54A-F1865F02A90E}"
EndProject
Project("{8BC9CEB8-8B4A-11D0-8D11-00A0C91BC942}") = "Streamie", "AEGP\Streamie\Win\Streamie.vcxproj", "{DEF34EB7-1252-4B39-92E0-98921CF10D7A}"
EndProject
Project("{8BC9CEB8-8B4A-11D0-8D11-00A0C91BC942}") = "Supervisor", "UI\Supervisor\Win\Supervisor.vcxproj", "{06152759-1885-4E56-BD87-92012DFC11C4}"
EndProject
Project("{8BC9CEB8-8B4A-11D0-8D11-00A0C91BC942}") = "Sweetie", "AEGP\Sweetie\Win\Sweetie.vcxproj", "{11916FE0-E63A-4531-85C1-B09B44553F7D}"
EndProject
Project("{8BC9CEB8-8B4A-11D0-8D11-00A0C91BC942}") = "Text_Twiddler", "AEGP\Text_Twiddler\Win\Text_Twiddler.vcxproj", "{D2692009-5AD6-4F42-8173-6824D56FDB27}"
EndProject
Project("{8BC9CEB8-8B4A-11D0-8D11-00A0C91BC942}") = "Transformer", "Effect\Transformer\Win\Transformer.vcxproj", "{664FE228-833F-4541-82F1-FB437685FE16}"
EndProject
Project("{8BC9CEB8-8B4A-11D0-8D11-00A0C91BC942}") = "Grabba", "AEGP\Grabba\Win\Grabba.vcxproj", "{F92835DD-4FE4-4F57-A439-B7EA704933DF}"
EndProject
Project("{8BC9CEB8-8B4A-11D0-8D11-00A0C91BC942}") = "Paramarama", "Effect\Paramarama\Win\Paramarama.vcxproj", "{74DAC9EF-950C-4D3A-8058-A54CD0381DB4}"
EndProject
Project("{8BC9CEB8-8B4A-11D0-8D11-00A0C91BC942}") = "Portable", "Effect\Portable\Win\Portable.vcxproj", "{9DE6B46A-22BC-477F-A337-4D64EB08CD37}"
EndProject
Project("{8BC9CEB8-8B4A-11D0-8D11-00A0C91BC942}") = "Panelator", "AEGP\Panelator\Win\Panelator.vcxproj", "{5ACD555B-6488-4BAC-BD07-5B1C0F0E4B81}"
EndProject
Project("{8BC9CEB8-8B4A-11D0-8D11-00A0C91BC942}") = "SmartyPants", "Effect\SmartyPants\Win\SmartyPants.vcxproj", "{FFA30E5C-80D9-4367-8F49-A551612C13D5}"
EndProject
Project("{8BC9CEB8-8B4A-11D0-8D11-00A0C91BC942}") = "HistoGrid", "UI\HistoGrid\Win\HistoGrid.vcxproj", "{57DD9A67-F66B-4E44-90F9-2DEABE5B6C92}"
EndProject
Project("{8BC9CEB8-8B4A-11D0-8D11-00A0C91BC942}") = "GLator", "Effect\GLator\Win\GLator.vcxproj", "{B1EA93DE-D4BB-4B73-B0F4-441B9B0E077E}"
EndProject
Global
	GlobalSection(SolutionConfigurationPlatforms) = preSolution
		Debug|x64 = Debug|x64
		Debug|x86 = Debug|x86
		Release|x64 = Release|x64
		Release|x86 = Release|x86
	EndGlobalSection
	GlobalSection(ProjectConfigurationPlatforms) = postSolution
		{30398397-F919-4E3B-879C-9D378DDF85A3}.Debug|x64.ActiveCfg = Debug|x64
		{30398397-F919-4E3B-879C-9D378DDF85A3}.Debug|x64.Build.0 = Debug|x64
		{30398397-F919-4E3B-879C-9D378DDF85A3}.Debug|x86.ActiveCfg = Debug|Win32
		{30398397-F919-4E3B-879C-9D378DDF85A3}.Release|x64.ActiveCfg = Release|x64
		{30398397-F919-4E3B-879C-9D378DDF85A3}.Release|x64.Build.0 = Release|x64
		{30398397-F919-4E3B-879C-9D378DDF85A3}.Release|x86.ActiveCfg = Release|Win32
		{64559716-71A0-40F5-A6EE-7FCD0B0D9DC2}.Debug|x64.ActiveCfg = Debug|x64
		{64559716-71A0-40F5-A6EE-7FCD0B0D9DC2}.Debug|x64.Build.0 = Debug|x64
		{64559716-71A0-40F5-A6EE-7FCD0B0D9DC2}.Debug|x86.ActiveCfg = Debug|Win32
		{64559716-71A0-40F5-A6EE-7FCD0B0D9DC2}.Debug|x86.Build.0 = Debug|Win32
		{64559716-71A0-40F5-A6EE-7FCD0B0D9DC2}.Release|x64.ActiveCfg = Release|x64
		{64559716-71A0-40F5-A6EE-7FCD0B0D9DC2}.Release|x64.Build.0 = Release|x64
		{64559716-71A0-40F5-A6EE-7FCD0B0D9DC2}.Release|x86.ActiveCfg = Release|Win32
		{64559716-71A0-40F5-A6EE-7FCD0B0D9DC2}.Release|x86.Build.0 = Release|Win32
		{11138FB7-4E40-4BFF-A990-7B2E3465B671}.Debug|x64.ActiveCfg = Debug|x64
		{11138FB7-4E40-4BFF-A990-7B2E3465B671}.Debug|x64.Build.0 = Debug|x64
		{11138FB7-4E40-4BFF-A990-7B2E3465B671}.Debug|x86.ActiveCfg = Debug|Win32
		{11138FB7-4E40-4BFF-A990-7B2E3465B671}.Debug|x86.Build.0 = Debug|Win32
		{11138FB7-4E40-4BFF-A990-7B2E3465B671}.Release|x64.ActiveCfg = Release|x64
		{11138FB7-4E40-4BFF-A990-7B2E3465B671}.Release|x64.Build.0 = Release|x64
		{11138FB7-4E40-4BFF-A990-7B2E3465B671}.Release|x86.ActiveCfg = Release|Win32
		{11138FB7-4E40-4BFF-A990-7B2E3465B671}.Release|x86.Build.0 = Release|Win32
		{880DEB30-BEF5-432E-A716-9F81B1BF9A3F}.Debug|x64.ActiveCfg = Debug|x64
		{880DEB30-BEF5-432E-A716-9F81B1BF9A3F}.Debug|x64.Build.0 = Debug|x64
		{880DEB30-BEF5-432E-A716-9F81B1BF9A3F}.Debug|x86.ActiveCfg = Debug|Win32
		{880DEB30-BEF5-432E-A716-9F81B1BF9A3F}.Debug|x86.Build.0 = Debug|Win32
		{880DEB30-BEF5-432E-A716-9F81B1BF9A3F}.Release|x64.ActiveCfg = Release|x64
		{880DEB30-BEF5-432E-A716-9F81B1BF9A3F}.Release|x64.Build.0 = Release|x64
		{880DEB30-BEF5-432E-A716-9F81B1BF9A3F}.Release|x86.ActiveCfg = Release|Win32
		{880DEB30-BEF5-432E-A716-9F81B1BF9A3F}.Release|x86.Build.0 = Release|Win32
		{B20FC82F-5E90-4387-B203-507AEF6155BC}.Debug|x64.ActiveCfg = Debug|x64
		{B20FC82F-5E90-4387-B203-507AEF6155BC}.Debug|x64.Build.0 = Debug|x64
		{B20FC82F-5E90-4387-B203-507AEF6155BC}.Debug|x86.ActiveCfg = Debug|Win32
		{B20FC82F-5E90-4387-B203-507AEF6155BC}.Debug|x86.Build.0 = Debug|Win32
		{B20FC82F-5E90-4387-B203-507AEF6155BC}.Release|x64.ActiveCfg = Release|x64
		{B20FC82F-5E90-4387-B203-507AEF6155BC}.Release|x64.Build.0 = Release|x64
		{B20FC82F-5E90-4387-B203-507AEF6155BC}.Release|x86.ActiveCfg = Release|Win32
		{B20FC82F-5E90-4387-B203-507AEF6155BC}.Release|x86.Build.0 = Release|Win32
		{78FCC6BC-06A9-43AE-827A-1B68FFB7D75F}.Debug|x64.ActiveCfg = Debug|x64
		{78FCC6BC-06A9-43AE-827A-1B68FFB7D75F}.Debug|x64.Build.0 = Debug|x64
		{78FCC6BC-06A9-43AE-827A-1B68FFB7D75F}.Debug|x86.ActiveCfg = Debug|Win32
		{78FCC6BC-06A9-43AE-827A-1B68FFB7D75F}.Debug|x86.Build.0 = Debug|Win32
		{78FCC6BC-06A9-43AE-827A-1B68FFB7D75F}.Release|x64.ActiveCfg = Release|x64
		{78FCC6BC-06A9-43AE-827A-1B68FFB7D75F}.Release|x64.Build.0 = Release|x64
		{78FCC6BC-06A9-43AE-827A-1B68FFB7D75F}.Release|x86.ActiveCfg = Release|Win32
		{78FCC6BC-06A9-43AE-827A-1B68FFB7D75F}.Release|x86.Build.0 = Release|Win32
		{A29BD1AB-3E98-45C5-B03D-BECDD64B90C4}.Debug|x64.ActiveCfg = Debug|x64
		{A29BD1AB-3E98-45C5-B03D-BECDD64B90C4}.Debug|x64.Build.0 = Debug|x64
		{A29BD1AB-3E98-45C5-B03D-BECDD64B90C4}.Debug|x86.ActiveCfg = Debug|Win32
		{A29BD1AB-3E98-45C5-B03D-BECDD64B90C4}.Release|x64.ActiveCfg = Release|x64
		{A29BD1AB-3E98-45C5-B03D-BECDD64B90C4}.Release|x64.Build.0 = Release|x64
		{A29BD1AB-3E98-45C5-B03D-BECDD64B90C4}.Release|x86.ActiveCfg = Release|Win32
		{45E8AB85-E048-4F0A-9E84-9122E3D4CE12}.Debug|x64.ActiveCfg = Debug|x64
		{45E8AB85-E048-4F0A-9E84-9122E3D4CE12}.Debug|x64.Build.0 = Debug|x64
		{45E8AB85-E048-4F0A-9E84-9122E3D4CE12}.Debug|x86.ActiveCfg = Debug|Win32
		{45E8AB85-E048-4F0A-9E84-9122E3D4CE12}.Release|x64.ActiveCfg = Release|x64
		{45E8AB85-E048-4F0A-9E84-9122E3D4CE12}.Release|x64.Build.0 = Release|x64
		{45E8AB85-E048-4F0A-9E84-9122E3D4CE12}.Release|x86.ActiveCfg = Release|Win32
		{F16A9C26-A45F-4931-A931-9BDA29CF5F73}.Debug|x64.ActiveCfg = Debug|x64
		{F16A9C26-A45F-4931-A931-9BDA29CF5F73}.Debug|x64.Build.0 = Debug|x64
		{F16A9C26-A45F-4931-A931-9BDA29CF5F73}.Debug|x86.ActiveCfg = Debug|Win32
		{F16A9C26-A45F-4931-A931-9BDA29CF5F73}.Release|x64.ActiveCfg = Release|x64
		{F16A9C26-A45F-4931-A931-9BDA29CF5F73}.Release|x64.Build.0 = Release|x64
		{F16A9C26-A45F-4931-A931-9BDA29CF5F73}.Release|x86.ActiveCfg = Release|Win32
		{088FCF6A-33E7-4CCB-8239-9EBB52E3699B}.Debug|x64.ActiveCfg = Debug|x64
		{088FCF6A-33E7-4CCB-8239-9EBB52E3699B}.Debug|x64.Build.0 = Debug|x64
		{088FCF6A-33E7-4CCB-8239-9EBB52E3699B}.Debug|x86.ActiveCfg = Debug|Win32
		{088FCF6A-33E7-4CCB-8239-9EBB52E3699B}.Debug|x86.Build.0 = Debug|Win32
		{088FCF6A-33E7-4CCB-8239-9EBB52E3699B}.Release|x64.ActiveCfg = Release|x64
		{088FCF6A-33E7-4CCB-8239-9EBB52E3699B}.Release|x64.Build.0 = Release|x64
		{088FCF6A-33E7-4CCB-8239-9EBB52E3699B}.Release|x86.ActiveCfg = Release|Win32
		{088FCF6A-33E7-4CCB-8239-9EBB52E3699B}.Release|x86.Build.0 = Release|Win32
		{E08AC1B1-4589-46B7-B014-6E999356EC77}.Debug|x64.ActiveCfg = Debug|x64
		{E08AC1B1-4589-46B7-B014-6E999356EC77}.Debug|x64.Build.0 = Debug|x64
		{E08AC1B1-4589-46B7-B014-6E999356EC77}.Debug|x86.ActiveCfg = Debug|Win32
		{E08AC1B1-4589-46B7-B014-6E999356EC77}.Release|x64.ActiveCfg = Release|x64
		{E08AC1B1-4589-46B7-B014-6E999356EC77}.Release|x64.Build.0 = Release|x64
		{E08AC1B1-4589-46B7-B014-6E999356EC77}.Release|x86.ActiveCfg = Release|Win32
		{FEC582C3-46B7-4519-9753-F04E0BDB95E2}.Debug|x64.ActiveCfg = Debug|x64
		{FEC582C3-46B7-4519-9753-F04E0BDB95E2}.Debug|x64.Build.0 = Debug|x64
		{FEC582C3-46B7-4519-9753-F04E0BDB95E2}.Debug|x86.ActiveCfg = Debug|Win32
		{FEC582C3-46B7-4519-9753-F04E0BDB95E2}.Release|x64.ActiveCfg = Release|x64
		{FEC582C3-46B7-4519-9753-F04E0BDB95E2}.Release|x64.Build.0 = Release|x64
		{FEC582C3-46B7-4519-9753-F04E0BDB95E2}.Release|x86.ActiveCfg = Release|Win32
		{362F4946-37F9-4018-84DC-9BA5F4BF2BDA}.Debug|x64.ActiveCfg = Debug|x64
		{362F4946-37F9-4018-84DC-9BA5F4BF2BDA}.Debug|x64.Build.0 = Debug|x64
		{362F4946-37F9-4018-84DC-9BA5F4BF2BDA}.Debug|x86.ActiveCfg = Debug|Win32
		{362F4946-37F9-4018-84DC-9BA5F4BF2BDA}.Debug|x86.Build.0 = Debug|Win32
		{362F4946-37F9-4018-84DC-9BA5F4BF2BDA}.Release|x64.ActiveCfg = Release|x64
		{362F4946-37F9-4018-84DC-9BA5F4BF2BDA}.Release|x64.Build.0 = Release|x64
		{362F4946-37F9-4018-84DC-9BA5F4BF2BDA}.Release|x86.ActiveCfg = Release|Win32
		{362F4946-37F9-4018-84DC-9BA5F4BF2BDA}.Release|x86.Build.0 = Release|Win32
		{4917319A-833C-4754-86CA-BAD346B4A3B9}.Debug|x64.ActiveCfg = Debug|x64
		{4917319A-833C-4754-86CA-BAD346B4A3B9}.Debug|x64.Build.0 = Debug|x64
		{4917319A-833C-4754-86CA-BAD346B4A3B9}.Debug|x86.ActiveCfg = Debug|Win32
		{4917319A-833C-4754-86CA-BAD346B4A3B9}.Release|x64.ActiveCfg = Release|x64
		{4917319A-833C-4754-86CA-BAD346B4A3B9}.Release|x64.Build.0 = Release|x64
		{4917319A-833C-4754-86CA-BAD346B4A3B9}.Release|x86.ActiveCfg = Release|Win32
		{AA4FB144-A657-40DF-B29D-B6D694A4233D}.Debug|x64.ActiveCfg = Debug|x64
		{AA4FB144-A657-40DF-B29D-B6D694A4233D}.Debug|x64.Build.0 = Debug|x64
		{AA4FB144-A657-40DF-B29D-B6D694A4233D}.Debug|x86.ActiveCfg = Debug|Win32
		{AA4FB144-A657-40DF-B29D-B6D694A4233D}.Release|x64.ActiveCfg = Release|x64
		{AA4FB144-A657-40DF-B29D-B6D694A4233D}.Release|x64.Build.0 = Release|x64
		{AA4FB144-A657-40DF-B29D-B6D694A4233D}.Release|x86.ActiveCfg = Release|Win32
		{BEF09DC0-4876-49E8-9B92-497D7E889384}.Debug|x64.ActiveCfg = Debug|x64
		{BEF09DC0-4876-49E8-9B92-497D7E889384}.Debug|x64.Build.0 = Debug|x64
		{BEF09DC0-4876-49E8-9B92-497D7E889384}.Debug|x86.ActiveCfg = Debug|Win32
		{BEF09DC0-4876-49E8-9B92-497D7E889384}.Release|x64.ActiveCfg = Release|x64
		{BEF09DC0-4876-49E8-9B92-497D7E889384}.Release|x64.Build.0 = Release|x64
		{BEF09DC0-4876-49E8-9B92-497D7E889384}.Release|x86.ActiveCfg = Release|Win32
		{7A64359A-94E0-4CFC-921A-A1E50930C44E}.Debug|x64.ActiveCfg = Debug|x64
		{7A64359A-94E0-4CFC-921A-A1E50930C44E}.Debug|x64.Build.0 = Debug|x64
		{7A64359A-94E0-4CFC-921A-A1E50930C44E}.Debug|x86.ActiveCfg = Debug|Win32
		{7A64359A-94E0-4CFC-921A-A1E50930C44E}.Debug|x86.Build.0 = Debug|Win32
		{7A64359A-94E0-4CFC-921A-A1E50930C44E}.Release|x64.ActiveCfg = Release|x64
		{7A64359A-94E0-4CFC-921A-A1E50930C44E}.Release|x64.Build.0 = Release|x64
		{7A64359A-94E0-4CFC-921A-A1E50930C44E}.Release|x86.ActiveCfg = Release|Win32
		{7A64359A-94E0-4CFC-921A-A1E50930C44E}.Release|x86.Build.0 = Release|Win32
		{212DF451-28A4-4315-9547-F464602D7650}.Debug|x64.ActiveCfg = Debug|x64
		{212DF451-28A4-4315-9547-F464602D7650}.Debug|x64.Build.0 = Debug|x64
		{212DF451-28A4-4315-9547-F464602D7650}.Debug|x86.ActiveCfg = Debug|Win32
		{212DF451-28A4-4315-9547-F464602D7650}.Debug|x86.Build.0 = Debug|Win32
		{212DF451-28A4-4315-9547-F464602D7650}.Release|x64.ActiveCfg = Release|x64
		{212DF451-28A4-4315-9547-F464602D7650}.Release|x64.Build.0 = Release|x64
		{212DF451-28A4-4315-9547-F464602D7650}.Release|x86.ActiveCfg = Release|Win32
		{212DF451-28A4-4315-9547-F464602D7650}.Release|x86.Build.0 = Release|Win32
		{82675920-EFDC-4880-84E3-4D234C1A86BC}.Debug|x64.ActiveCfg = Debug|x64
		{82675920-EFDC-4880-84E3-4D234C1A86BC}.Debug|x64.Build.0 = Debug|x64
		{82675920-EFDC-4880-84E3-4D234C1A86BC}.Debug|x86.ActiveCfg = Debug|Win32
		{82675920-EFDC-4880-84E3-4D234C1A86BC}.Debug|x86.Build.0 = Debug|Win32
		{82675920-EFDC-4880-84E3-4D234C1A86BC}.Release|x64.ActiveCfg = Release|x64
		{82675920-EFDC-4880-84E3-4D234C1A86BC}.Release|x64.Build.0 = Release|x64
		{82675920-EFDC-4880-84E3-4D234C1A86BC}.Release|x86.ActiveCfg = Release|Win32
		{82675920-EFDC-4880-84E3-4D234C1A86BC}.Release|x86.Build.0 = Release|Win32
		{D90E076B-3A76-4F67-A492-D3A18AF538F1}.Debug|x64.ActiveCfg = Debug|x64
		{D90E076B-3A76-4F67-A492-D3A18AF538F1}.Debug|x64.Build.0 = Debug|x64
		{D90E076B-3A76-4F67-A492-D3A18AF538F1}.Debug|x86.ActiveCfg = Debug|Win32
		{D90E076B-3A76-4F67-A492-D3A18AF538F1}.Debug|x86.Build.0 = Debug|Win32
		{D90E076B-3A76-4F67-A492-D3A18AF538F1}.Release|x64.ActiveCfg = Release|x64
		{D90E076B-3A76-4F67-A492-D3A18AF538F1}.Release|x64.Build.0 = Release|x64
		{D90E076B-3A76-4F67-A492-D3A18AF538F1}.Release|x86.ActiveCfg = Release|Win32
		{D90E076B-3A76-4F67-A492-D3A18AF538F1}.Release|x86.Build.0 = Release|Win32
		{2C8DED3E-111D-4272-A54A-F1865F02A90E}.Debug|x64.ActiveCfg = Debug|x64
		{2C8DED3E-111D-4272-A54A-F1865F02A90E}.Debug|x64.Build.0 = Debug|x64
		{2C8DED3E-111D-4272-A54A-F1865F02A90E}.Debug|x86.ActiveCfg = Debug|Win32
		{2C8DED3E-111D-4272-A54A-F1865F02A90E}.Debug|x86.Build.0 = Debug|Win32
		{2C8DED3E-111D-4272-A54A-F1865F02A90E}.Release|x64.ActiveCfg = Release|x64
		{2C8DED3E-111D-4272-A54A-F1865F02A90E}.Release|x64.Build.0 = Release|x64
		{2C8DED3E-111D-4272-A54A-F1865F02A90E}.Release|x86.ActiveCfg = Release|Win32
		{2C8DED3E-111D-4272-A54A-F1865F02A90E}.Release|x86.Build.0 = Release|Win32
		{DEF34EB7-1252-4B39-92E0-98921CF10D7A}.Debug|x64.ActiveCfg = Debug|x64
		{DEF34EB7-1252-4B39-92E0-98921CF10D7A}.Debug|x64.Build.0 = Debug|x64
		{DEF34EB7-1252-4B39-92E0-98921CF10D7A}.Debug|x86.ActiveCfg = Debug|Win32
		{DEF34EB7-1252-4B39-92E0-98921CF10D7A}.Release|x64.ActiveCfg = Release|x64
		{DEF34EB7-1252-4B39-92E0-98921CF10D7A}.Release|x64.Build.0 = Release|x64
		{DEF34EB7-1252-4B39-92E0-98921CF10D7A}.Release|x86.ActiveCfg = Release|Win32
		{06152759-1885-4E56-BD87-92012DFC11C4}.Debug|x64.ActiveCfg = Debug|x64
		{06152759-1885-4E56-BD87-92012DFC11C4}.Debug|x64.Build.0 = Debug|x64
		{06152759-1885-4E56-BD87-92012DFC11C4}.Debug|x86.ActiveCfg = Debug|Win32
		{06152759-1885-4E56-BD87-92012DFC11C4}.Debug|x86.Build.0 = Debug|Win32
		{06152759-1885-4E56-BD87-92012DFC11C4}.Release|x64.ActiveCfg = Release|x64
		{06152759-1885-4E56-BD87-92012DFC11C4}.Release|x64.Build.0 = Release|x64
		{06152759-1885-4E56-BD87-92012DFC11C4}.Release|x86.ActiveCfg = Release|Win32
		{06152759-1885-4E56-BD87-92012DFC11C4}.Release|x86.Build.0 = Release|Win32
		{11916FE0-E63A-4531-85C1-B09B44553F7D}.Debug|x64.ActiveCfg = Debug|x64
		{11916FE0-E63A-4531-85C1-B09B44553F7D}.Debug|x64.Build.0 = Debug|x64
		{11916FE0-E63A-4531-85C1-B09B44553F7D}.Debug|x86.ActiveCfg = Debug|Win32
		{11916FE0-E63A-4531-85C1-B09B44553F7D}.Release|x64.ActiveCfg = Release|x64
		{11916FE0-E63A-4531-85C1-B09B44553F7D}.Release|x64.Build.0 = Release|x64
		{11916FE0-E63A-4531-85C1-B09B44553F7D}.Release|x86.ActiveCfg = Release|Win32
		{D2692009-5AD6-4F42-8173-6824D56FDB27}.Debug|x64.ActiveCfg = Debug|x64
		{D2692009-5AD6-4F42-8173-6824D56FDB27}.Debug|x64.Build.0 = Debug|x64
		{D2692009-5AD6-4F42-8173-6824D56FDB27}.Debug|x86.ActiveCfg = Debug|Win32
		{D2692009-5AD6-4F42-8173-6824D56FDB27}.Release|x64.ActiveCfg = Release|x64
		{D2692009-5AD6-4F42-8173-6824D56FDB27}.Release|x64.Build.0 = Release|x64
		{D2692009-5AD6-4F42-8173-6824D56FDB27}.Release|x86.ActiveCfg = Release|Win32
		{664FE228-833F-4541-82F1-FB437685FE16}.Debug|x64.ActiveCfg = Debug|x64
		{664FE228-833F-4541-82F1-FB437685FE16}.Debug|x64.Build.0 = Debug|x64
		{664FE228-833F-4541-82F1-FB437685FE16}.Debug|x86.ActiveCfg = Debug|Win32
		{664FE228-833F-4541-82F1-FB437685FE16}.Debug|x86.Build.0 = Debug|Win32
		{664FE228-833F-4541-82F1-FB437685FE16}.Release|x64.ActiveCfg = Release|x64
		{664FE228-833F-4541-82F1-FB437685FE16}.Release|x64.Build.0 = Release|x64
		{664FE228-833F-4541-82F1-FB437685FE16}.Release|x86.ActiveCfg = Release|Win32
		{664FE228-833F-4541-82F1-FB437685FE16}.Release|x86.Build.0 = Release|Win32
		{F92835DD-4FE4-4F57-A439-B7EA704933DF}.Debug|x64.ActiveCfg = Debug|x64
		{F92835DD-4FE4-4F57-A439-B7EA704933DF}.Debug|x64.Build.0 = Debug|x64
		{F92835DD-4FE4-4F57-A439-B7EA704933DF}.Debug|x86.ActiveCfg = Debug|Win32
		{F92835DD-4FE4-4F57-A439-B7EA704933DF}.Release|x64.ActiveCfg = Release|x64
		{F92835DD-4FE4-4F57-A439-B7EA704933DF}.Release|x64.Build.0 = Release|x64
		{F92835DD-4FE4-4F57-A439-B7EA704933DF}.Release|x86.ActiveCfg = Release|Win32
		{74DAC9EF-950C-4D3A-8058-A54CD0381DB4}.Debug|x64.ActiveCfg = Debug|x64
		{74DAC9EF-950C-4D3A-8058-A54CD0381DB4}.Debug|x64.Build.0 = Debug|x64
		{74DAC9EF-950C-4D3A-8058-A54CD0381DB4}.Debug|x86.ActiveCfg = Debug|Win32
		{74DAC9EF-950C-4D3A-8058-A54CD0381DB4}.Debug|x86.Build.0 = Debug|Win32
		{74DAC9EF-950C-4D3A-8058-A54CD0381DB4}.Release|x64.ActiveCfg = Release|x64
		{74DAC9EF-950C-4D3A-8058-A54CD0381DB4}.Release|x64.Build.0 = Release|x64
		{74DAC9EF-950C-4D3A-8058-A54CD0381DB4}.Release|x86.ActiveCfg = Release|Win32
		{74DAC9EF-950C-4D3A-8058-A54CD0381DB4}.Release|x86.Build.0 = Release|Win32
		{9DE6B46A-22BC-477F-A337-4D64EB08CD37}.Debug|x64.ActiveCfg = Debug|x64
		{9DE6B46A-22BC-477F-A337-4D64EB08CD37}.Debug|x64.Build.0 = Debug|x64
		{9DE6B46A-22BC-477F-A337-4D64EB08CD37}.Debug|x86.ActiveCfg = Debug|Win32
		{9DE6B46A-22BC-477F-A337-4D64EB08CD37}.Debug|x86.Build.0 = Debug|Win32
		{9DE6B46A-22BC-477F-A337-4D64EB08CD37}.Release|x64.ActiveCfg = Release|x64
		{9DE6B46A-22BC-477F-A337-4D64EB08CD37}.Release|x64.Build.0 = Release|x64
		{9DE6B46A-22BC-477F-A337-4D64EB08CD37}.Release|x86.ActiveCfg = Release|Win32
		{9DE6B46A-22BC-477F-A337-4D64EB08CD37}.Release|x86.Build.0 = Release|Win32
		{5ACD555B-6488-4BAC-BD07-5B1C0F0E4B81}.Debug|x64.ActiveCfg = Debug|x64
		{5ACD555B-6488-4BAC-BD07-5B1C0F0E4B81}.Debug|x64.Build.0 = Debug|x64
		{5ACD555B-6488-4BAC-BD07-5B1C0F0E4B81}.Debug|x86.ActiveCfg = Debug|Win32
		{5ACD555B-6488-4BAC-BD07-5B1C0F0E4B81}.Release|x64.ActiveCfg = Release|x64
		{5ACD555B-6488-4BAC-BD07-5B1C0F0E4B81}.Release|x64.Build.0 = Release|x64
		{5ACD555B-6488-4BAC-BD07-5B1C0F0E4B81}.Release|x86.ActiveCfg = Release|Win32
		{FFA30E5C-80D9-4367-8F49-A551612C13D5}.Debug|x64.ActiveCfg = Debug|x64
		{FFA30E5C-80D9-4367-8F49-A551612C13D5}.Debug|x64.Build.0 = Debug|x64
		{FFA30E5C-80D9-4367-8F49-A551612C13D5}.Debug|x86.ActiveCfg = Debug|Win32
		{FFA30E5C-80D9-4367-8F49-A551612C13D5}.Debug|x86.Build.0 = Debug|Win32
		{FFA30E5C-80D9-4367-8F49-A551612C13D5}.Release|x64.ActiveCfg = Release|x64
		{FFA30E5C-80D9-4367-8F49-A551612C13D5}.Release|x64.Build.0 = Release|x64
		{FFA30E5C-80D9-4367-8F49-A551612C13D5}.Release|x86.ActiveCfg = Release|Win32
		{FFA30E5C-80D9-4367-8F49-A551612C13D5}.Release|x86.Build.0 = Release|Win32
		{57DD9A67-F66B-4E44-90F9-2DEABE5B6C92}.Debug|x64.ActiveCfg = Debug|x64
		{57DD9A67-F66B-4E44-90F9-2DEABE5B6C92}.Debug|x64.Build.0 = Debug|x64
		{57DD9A67-F66B-4E44-90F9-2DEABE5B6C92}.Debug|x86.ActiveCfg = Debug|Win32
		{57DD9A67-F66B-4E44-90F9-2DEABE5B6C92}.Release|x64.ActiveCfg = Release|x64
		{57DD9A67-F66B-4E44-90F9-2DEABE5B6C92}.Release|x64.Build.0 = Release|x64
		{57DD9A67-F66B-4E44-90F9-2DEABE5B6C92}.Release|x86.ActiveCfg = Release|Win32
		{B1EA93DE-D4BB-4B73-B0F4-441B9B0E077E}.Debug|x64.ActiveCfg = Debug|x64
		{B1EA93DE-D4BB-4B73-B0F4-441B9B0E077E}.Debug|x64.Build.0 = Debug|x64
		{B1EA93DE-D4BB-4B73-B0F4-441B9B0E077E}.Debug|x86.ActiveCfg = Debug|Win32
		{B1EA93DE-D4BB-4B73-B0F4-441B9B0E077E}.Debug|x86.Build.0 = Debug|Win32
		{B1EA93DE-D4BB-4B73-B0F4-441B9B0E077E}.Release|x64.ActiveCfg = Release|x64
		{B1EA93DE-D4BB-4B73-B0F4-441B9B0E077E}.Release|x64.Build.0 = Release|x64
		{B1EA93DE-D4BB-4B73-B0F4-441B9B0E077E}.Release|x86.ActiveCfg = Release|Win32
		{B1EA93DE-D4BB-4B73-B0F4-441B9B0E077E}.Release|x86.Build.0 = Release|Win32
	EndGlobalSection
	GlobalSection(SolutionProperties) = preSolution
		HideSolutionNode = FALSE
	EndGlobalSection
	GlobalSection(NestedProjects) = preSolution
		{A887BB7E-E722-4D88-AE52-751742311A4F} = {DB18F278-ED36-45C8-9067-0C3F333DB994}
		{DABD44FB-65EB-4107-829A-10FDC40E037F} = {DB18F278-ED36-45C8-9067-0C3F333DB994}
		{30398397-F919-4E3B-879C-9D378DDF85A3} = {A6972019-D302-44FD-954F-30F6BA10DA5E}
		{64559716-71A0-40F5-A6EE-7FCD0B0D9DC2} = {A887BB7E-E722-4D88-AE52-751742311A4F}
		{11138FB7-4E40-4BFF-A990-7B2E3465B671} = {DB18F278-ED36-45C8-9067-0C3F333DB994}
		{880DEB30-BEF5-432E-A716-9F81B1BF9A3F} = {A887BB7E-E722-4D88-AE52-751742311A4F}
		{B20FC82F-5E90-4387-B203-507AEF6155BC} = {DB18F278-ED36-45C8-9067-0C3F333DB994}
		{78FCC6BC-06A9-43AE-827A-1B68FFB7D75F} = {A887BB7E-E722-4D88-AE52-751742311A4F}
		{A29BD1AB-3E98-45C5-B03D-BECDD64B90C4} = {D8E82AB6-7DE7-42C6-905A-E1C36A4680C2}
		{45E8AB85-E048-4F0A-9E84-9122E3D4CE12} = {A6972019-D302-44FD-954F-30F6BA10DA5E}
		{F16A9C26-A45F-4931-A931-9BDA29CF5F73} = {A6972019-D302-44FD-954F-30F6BA10DA5E}
		{088FCF6A-33E7-4CCB-8239-9EBB52E3699B} = {DB18F278-ED36-45C8-9067-0C3F333DB994}
		{E08AC1B1-4589-46B7-B014-6E999356EC77} = {A6972019-D302-44FD-954F-30F6BA10DA5E}
		{FEC582C3-46B7-4519-9753-F04E0BDB95E2} = {A6972019-D302-44FD-954F-30F6BA10DA5E}
		{362F4946-37F9-4018-84DC-9BA5F4BF2BDA} = {DB18F278-ED36-45C8-9067-0C3F333DB994}
		{4917319A-833C-4754-86CA-BAD346B4A3B9} = {A6972019-D302-44FD-954F-30F6BA10DA5E}
		{AA4FB144-A657-40DF-B29D-B6D694A4233D} = {A6972019-D302-44FD-954F-30F6BA10DA5E}
		{BEF09DC0-4876-49E8-9B92-497D7E889384} = {A6972019-D302-44FD-954F-30F6BA10DA5E}
		{7A64359A-94E0-4CFC-921A-A1E50930C44E} = {DB18F278-ED36-45C8-9067-0C3F333DB994}
		{212DF451-28A4-4315-9547-F464602D7650} = {DB18F278-ED36-45C8-9067-0C3F333DB994}
		{82675920-EFDC-4880-84E3-4D234C1A86BC} = {DB18F278-ED36-45C8-9067-0C3F333DB994}
		{D90E076B-3A76-4F67-A492-D3A18AF538F1} = {DB18F278-ED36-45C8-9067-0C3F333DB994}
		{2C8DED3E-111D-4272-A54A-F1865F02A90E} = {DABD44FB-65EB-4107-829A-10FDC40E037F}
		{DEF34EB7-1252-4B39-92E0-98921CF10D7A} = {A6972019-D302-44FD-954F-30F6BA10DA5E}
		{06152759-1885-4E56-BD87-92012DFC11C4} = {A887BB7E-E722-4D88-AE52-751742311A4F}
		{11916FE0-E63A-4531-85C1-B09B44553F7D} = {A6972019-D302-44FD-954F-30F6BA10DA5E}
		{D2692009-5AD6-4F42-8173-6824D56FDB27} = {A6972019-D302-44FD-954F-30F6BA10DA5E}
		{664FE228-833F-4541-82F1-FB437685FE16} = {DB18F278-ED36-45C8-9067-0C3F333DB994}
		{F92835DD-4FE4-4F57-A439-B7EA704933DF} = {A6972019-D302-44FD-954F-30F6BA10DA5E}
		{74DAC9EF-950C-4D3A-8058-A54CD0381DB4} = {DB18F278-ED36-45C8-9067-0C3F333DB994}
		{9DE6B46A-22BC-477F-A337-4D64EB08CD37} = {DB18F278-ED36-45C8-9067-0C3F333DB994}
		{5ACD555B-6488-4BAC-BD07-5B1C0F0E4B81} = {A6972019-D302-44FD-954F-30F6BA10DA5E}
		{FFA30E5C-80D9-4367-8F49-A551612C13D5} = {DB18F278-ED36-45C8-9067-0C3F333DB994}
		{57DD9A67-F66B-4E44-90F9-2DEABE5B6C92} = {A887BB7E-E722-4D88-AE52-751742311A4F}
		{B1EA93DE-D4BB-4B73-B0F4-441B9B0E077E} = {DB18F278-ED36-45C8-9067-0C3F333DB994}
	EndGlobalSection
EndGlobal
